
Microsoft Visual Studio Solution File, Format Version 12.00
# Visual Studio Version 16
VisualStudioVersion = 16.0.31829.152
MinimumVisualStudioVersion = 10.0.40219.1
Project("{9A19103F-16F7-4668-BE54-9A1E7A4F7556}") = "HuffmanEncoderDecoder", "HuffmanEncoderDecoder\HuffmanEncoderDecoder.csproj", "{15C2092D-EFDC-4958-92BA-ACF8F24A4803}"
EndProject
Global
	GlobalSection(SolutionConfigurationPlatforms) = preSolution
		Debug|Any CPU = Debug|Any CPU
		Release|Any CPU = Release|Any CPU
	EndGlobalSection
	GlobalSection(ProjectConfigurationPlatforms) = postSolution
		{15C2092D-EFDC-4958-92BA-ACF8F24A4803}.Debug|Any CPU.ActiveCfg = Debug|Any CPU
		{15C2092D-EFDC-4958-92BA-ACF8F24A4803}.Debug|Any CPU.Build.0 = Debug|Any CPU
		{15C2092D-EFDC-4958-92BA-ACF8F24A4803}.Release|Any CPU.ActiveCfg = Release|Any CPU
		{15C2092D-EFDC-4958-92BA-ACF8F24A4803}.Release|Any CPU.Build.0 = Release|Any CPU
	EndGlobalSection
	GlobalSection(SolutionProperties) = preSolution
		HideSolutionNode = FALSE
	EndGlobalSection
	GlobalSection(ExtensibilityGlobals) = postSolution
		SolutionGuid = {CB64A47F-29A4-4477-944C-8F7049AEB11B}
	EndGlobalSection
EndGlobal
